Microsoft Visual Studio Solution File, Format Version 12.00
# Visual Studio Version 17
VisualStudioVersion = 17.5.2.0
MinimumVisualStudioVersion = 10.0.40219.1
Project("{FAE04EC0-301F-11D3-BF4B-00C04F79EFBC}") = "UjamaaEvents", "UjamaaEvents.csproj", "{1A5EC551-E036-E860-01CC-0D7D154456E4}"
EndProject
Global
	GlobalSection(SolutionConfigurationPlatforms) = preSolution
		Debug|Any CPU = Debug|Any CPU
		Release|Any CPU = Release|Any CPU
	EndGlobalSection
	GlobalSection(ProjectConfigurationPlatforms) = postSolution
		{1A5EC551-E036-E860-01CC-0D7D154456E4}.Debug|Any CPU.ActiveCfg = Debug|Any CPU
		{1A5EC551-E036-E860-01CC-0D7D154456E4}.Debug|Any CPU.Build.0 = Debug|Any CPU
		{1A5EC551-E036-E860-01CC-0D7D154456E4}.Release|Any CPU.ActiveCfg = Release|Any CPU
		{1A5EC551-E036-E860-01CC-0D7D154456E4}.Release|Any CPU.Build.0 = Release|Any CPU
	EndGlobalSection
	GlobalSection(SolutionProperties) = preSolution
		HideSolutionNode = FALSE
	EndGlobalSection
	GlobalSection(ExtensibilityGlobals) = postSolution
		SolutionGuid = {34F8528F-49C4-4B3E-AD6A-A897EB714935}
	EndGlobalSection
EndGlobal
